Microsoft Visual Studio Solution File, Format Version 12.00
# Visual Studio Version 17
VisualStudioVersion = 17.13.35913.81
MinimumVisualStudioVersion = 10.0.40219.1
Project("{FAE04EC0-301F-11D3-BF4B-00C04F79EFBC}") = "BusinessLogic", "BusinessLogic\BusinessLogic.csproj", "{BEFCF63A-64CB-4A47-8953-425208143B47}"
EndProject
Project("{FAE04EC0-301F-11D3-BF4B-00C04F79EFBC}") = "Data", "Data\Data.csproj", "{9C9B8405-6A8B-4C36-A0A1-77DA77C1E3EB}"
EndProject
Project("{FAE04EC0-301F-11D3-BF4B-00C04F79EFBC}") = "PresentationModel", "PresentationModel\PresentationModel.csproj", "{9FE29DA0-6E3B-4318-8B65-2C0E5A1AF4A6}"
EndProject
Project("{FAE04EC0-301F-11D3-BF4B-00C04F79EFBC}") = "PresentationViewModel", "PresentationViewModel\PresentationViewModel.csproj", "{2BCF206C-B7BC-49A4-9AAF-265A789A2660}"
EndProject
Project("{FAE04EC0-301F-11D3-BF4B-00C04F79EFBC}") = "PresentationView", "View\PresentationView.csproj", "{080BEB0C-7634-4CFF-B7F8-4A5DE739D67A}"
EndProject
Global
	GlobalSection(SolutionConfigurationPlatforms) = preSolution
		Debug|Any CPU = Debug|Any CPU
		Release|Any CPU = Release|Any CPU
	EndGlobalSection
	GlobalSection(ProjectConfigurationPlatforms) = postSolution
		{BEFCF63A-64CB-4A47-8953-425208143B47}.Debug|Any CPU.ActiveCfg = Debug|Any CPU
		{BEFCF63A-64CB-4A47-8953-425208143B47}.Debug|Any CPU.Build.0 = Debug|Any CPU
		{BEFCF63A-64CB-4A47-8953-425208143B47}.Release|Any CPU.ActiveCfg = Release|Any CPU
		{BEFCF63A-64CB-4A47-8953-425208143B47}.Release|Any CPU.Build.0 = Release|Any CPU
		{9C9B8405-6A8B-4C36-A0A1-77DA77C1E3EB}.Debug|Any CPU.ActiveCfg = Debug|Any CPU
		{9C9B8405-6A8B-4C36-A0A1-77DA77C1E3EB}.Debug|Any CPU.Build.0 = Debug|Any CPU
		{9C9B8405-6A8B-4C36-A0A1-77DA77C1E3EB}.Release|Any CPU.ActiveCfg = Release|Any CPU
		{9C9B8405-6A8B-4C36-A0A1-77DA77C1E3EB}.Release|Any CPU.Build.0 = Release|Any CPU
		{9FE29DA0-6E3B-4318-8B65-2C0E5A1AF4A6}.Debug|Any CPU.ActiveCfg = Debug|Any CPU
		{9FE29DA0-6E3B-4318-8B65-2C0E5A1AF4A6}.Debug|Any CPU.Build.0 = Debug|Any CPU
		{9FE29DA0-6E3B-4318-8B65-2C0E5A1AF4A6}.Release|Any CPU.ActiveCfg = Release|Any CPU
		{9FE29DA0-6E3B-4318-8B65-2C0E5A1AF4A6}.Release|Any CPU.Build.0 = Release|Any CPU
		{2BCF206C-B7BC-49A4-9AAF-265A789A2660}.Debug|Any CPU.ActiveCfg = Debug|Any CPU
		{2BCF206C-B7BC-49A4-9AAF-265A789A2660}.Debug|Any CPU.Build.0 = Debug|Any CPU
		{2BCF206C-B7BC-49A4-9AAF-265A789A2660}.Release|Any CPU.ActiveCfg = Release|Any CPU
		{2BCF206C-B7BC-49A4-9AAF-265A789A2660}.Release|Any CPU.Build.0 = Release|Any CPU
		{080BEB0C-7634-4CFF-B7F8-4A5DE739D67A}.Debug|Any CPU.ActiveCfg = Debug|Any CPU
		{080BEB0C-7634-4CFF-B7F8-4A5DE739D67A}.Debug|Any CPU.Build.0 = Debug|Any CPU
		{080BEB0C-7634-4CFF-B7F8-4A5DE739D67A}.Release|Any CPU.ActiveCfg = Release|Any CPU
		{080BEB0C-7634-4CFF-B7F8-4A5DE739D67A}.Release|Any CPU.Build.0 = Release|Any CPU
	EndGlobalSection
	GlobalSection(SolutionProperties) = preSolution
		HideSolutionNode = FALSE
	EndGlobalSection
	GlobalSection(ExtensibilityGlobals) = postSolution
		SolutionGuid = {47ACCDCB-24DA-4244-B173-B912DDFC2C1A}
	EndGlobalSection
EndGlobal
